
Microsoft Visual Studio Solution File, Format Version 12.00
# Visual Studio 15
VisualStudioVersion = 15.0.28307.705
MinimumVisualStudioVersion = 10.0.40219.1
Project("{FAE04EC0-301F-11D3-BF4B-00C04F79EFBC}") = "ZooAuthentication", "ZooAuthentication\ZooAuthentication.csproj", "{E217741F-6AF6-4DDD-A039-F6394D9367F2}"
EndProject
Global
	GlobalSection(SolutionConfigurationPlatforms) = preSolution
		Debug|Any CPU = Debug|Any CPU
		Release|Any CPU = Release|Any CPU
	EndGlobalSection
	GlobalSection(ProjectConfigurationPlatforms) = postSolution
		{E217741F-6AF6-4DDD-A039-F6394D9367F2}.Debug|Any CPU.ActiveCfg = Debug|Any CPU
		{E217741F-6AF6-4DDD-A039-F6394D9367F2}.Debug|Any CPU.Build.0 = Debug|Any CPU
		{E217741F-6AF6-4DDD-A039-F6394D9367F2}.Release|Any CPU.ActiveCfg = Release|Any CPU
		{E217741F-6AF6-4DDD-A039-F6394D9367F2}.Release|Any CPU.Build.0 = Release|Any CPU
	EndGlobalSection
	GlobalSection(SolutionProperties) = preSolution
		HideSolutionNode = FALSE
	EndGlobalSection
	GlobalSection(ExtensibilityGlobals) = postSolution
		SolutionGuid = {19AB5225-8347-402A-ACF9-A550819214C9}
	EndGlobalSection
EndGlobal
